
Microsoft Visual Studio Solution File, Format Version 12.00
# Visual Studio Version 17
VisualStudioVersion = 17.0.31903.59
MinimumVisualStudioVersion = 10.0.40219.1
Project("{FAE04EC0-301F-11D3-BF4B-00C04F79EFBC}") = "GodotPckTool.CSharp", "GodotPckTool.CSharp\GodotPckTool.CSharp.csproj", "{F688499A-BF22-443D-9A52-32D4766B4AA3}"
EndProject
Project("{FAE04EC0-301F-11D3-BF4B-00C04F79EFBC}") = "GodotPckTool.CSharp.Tests", "GodotPckTool.CSharp.Tests\GodotPckTool.CSharp.Tests.csproj", "{558D1208-70A3-411C-A5C9-C6520AA972C3}"
EndProject
Global
	GlobalSection(SolutionConfigurationPlatforms) = preSolution
		Debug|Any CPU = Debug|Any CPU
		Debug|x64 = Debug|x64
		Debug|x86 = Debug|x86
		Release|Any CPU = Release|Any CPU
		Release|x64 = Release|x64
		Release|x86 = Release|x86
	EndGlobalSection
	GlobalSection(ProjectConfigurationPlatforms) = postSolution
		{F688499A-BF22-443D-9A52-32D4766B4AA3}.Debug|Any CPU.ActiveCfg = Debug|Any CPU
		{F688499A-BF22-443D-9A52-32D4766B4AA3}.Debug|Any CPU.Build.0 = Debug|Any CPU
		{F688499A-BF22-443D-9A52-32D4766B4AA3}.Debug|x64.ActiveCfg = Debug|Any CPU
		{F688499A-BF22-443D-9A52-32D4766B4AA3}.Debug|x64.Build.0 = Debug|Any CPU
		{F688499A-BF22-443D-9A52-32D4766B4AA3}.Debug|x86.ActiveCfg = Debug|Any CPU
		{F688499A-BF22-443D-9A52-32D4766B4AA3}.Debug|x86.Build.0 = Debug|Any CPU
		{F688499A-BF22-443D-9A52-32D4766B4AA3}.Release|Any CPU.ActiveCfg = Release|Any CPU
		{F688499A-BF22-443D-9A52-32D4766B4AA3}.Release|Any CPU.Build.0 = Release|Any CPU
		{F688499A-BF22-443D-9A52-32D4766B4AA3}.Release|x64.ActiveCfg = Release|Any CPU
		{F688499A-BF22-443D-9A52-32D4766B4AA3}.Release|x64.Build.0 = Release|Any CPU
		{F688499A-BF22-443D-9A52-32D4766B4AA3}.Release|x86.ActiveCfg = Release|Any CPU
		{F688499A-BF22-443D-9A52-32D4766B4AA3}.Release|x86.Build.0 = Release|Any CPU
		{558D1208-70A3-411C-A5C9-C6520AA972C3}.Debug|Any CPU.ActiveCfg = Debug|Any CPU
		{558D1208-70A3-411C-A5C9-C6520AA972C3}.Debug|Any CPU.Build.0 = Debug|Any CPU
		{558D1208-70A3-411C-A5C9-C6520AA972C3}.Debug|x64.ActiveCfg = Debug|Any CPU
		{558D1208-70A3-411C-A5C9-C6520AA972C3}.Debug|x64.Build.0 = Debug|Any CPU
		{558D1208-70A3-411C-A5C9-C6520AA972C3}.Debug|x86.ActiveCfg = Debug|Any CPU
		{558D1208-70A3-411C-A5C9-C6520AA972C3}.Debug|x86.Build.0 = Debug|Any CPU
		{558D1208-70A3-411C-A5C9-C6520AA972C3}.Release|Any CPU.ActiveCfg = Release|Any CPU
		{558D1208-70A3-411C-A5C9-C6520AA972C3}.Release|Any CPU.Build.0 = Release|Any CPU
		{558D1208-70A3-411C-A5C9-C6520AA972C3}.Release|x64.ActiveCfg = Release|Any CPU
		{558D1208-70A3-411C-A5C9-C6520AA972C3}.Release|x64.Build.0 = Release|Any CPU
		{558D1208-70A3-411C-A5C9-C6520AA972C3}.Release|x86.ActiveCfg = Release|Any CPU
		{558D1208-70A3-411C-A5C9-C6520AA972C3}.Release|x86.Build.0 = Release|Any CPU
	EndGlobalSection
	GlobalSection(SolutionProperties) = preSolution
		HideSolutionNode = FALSE
	EndGlobalSection
EndGlobal
